
Microsoft Visual Studio Solution File, Format Version 12.00
# Visual Studio 15
VisualStudioVersion = 15.0.27004.2006
MinimumVisualStudioVersion = 10.0.40219.1
Project("{FAE04EC0-301F-11D3-BF4B-00C04F79EFBC}") = "AppSheetProject", "AppSheetProject\AppSheetProject.csproj", "{D6C8BE79-7276-4ED6-B0AB-E89E2C290244}"
EndProject
Global
	GlobalSection(SolutionConfigurationPlatforms) = preSolution
		Debug|Any CPU = Debug|Any CPU
		Release|Any CPU = Release|Any CPU
	EndGlobalSection
	GlobalSection(ProjectConfigurationPlatforms) = postSolution
		{D6C8BE79-7276-4ED6-B0AB-E89E2C290244}.Debug|Any CPU.ActiveCfg = Release|Any CPU
		{D6C8BE79-7276-4ED6-B0AB-E89E2C290244}.Debug|Any CPU.Build.0 = Release|Any CPU
		{D6C8BE79-7276-4ED6-B0AB-E89E2C290244}.Release|Any CPU.ActiveCfg = Release|Any CPU
		{D6C8BE79-7276-4ED6-B0AB-E89E2C290244}.Release|Any CPU.Build.0 = Release|Any CPU
	EndGlobalSection
	GlobalSection(SolutionProperties) = preSolution
		HideSolutionNode = FALSE
	EndGlobalSection
	GlobalSection(ExtensibilityGlobals) = postSolution
		SolutionGuid = {7C622890-3507-4D64-B7D2-F9FA8A7D4533}
	EndGlobalSection
EndGlobal
